
Microsoft Visual Studio Solution File, Format Version 12.00
# Visual Studio Version 17
VisualStudioVersion = 17.14.36518.9 d17.14
MinimumVisualStudioVersion = 10.0.40219.1
Project("{FAE04EC0-301F-11D3-BF4B-00C04F79EFBC}") = "SignalRDemo.Api", "SignalRDemo.Api\SignalRDemo.Api.csproj", "{5EE05F81-C69D-4E94-99F1-A39DB27E0904}"
EndProject
Global
	GlobalSection(SolutionConfigurationPlatforms) = preSolution
		Debug|Any CPU = Debug|Any CPU
		Release|Any CPU = Release|Any CPU
	EndGlobalSection
	GlobalSection(ProjectConfigurationPlatforms) = postSolution
		{5EE05F81-C69D-4E94-99F1-A39DB27E0904}.Debug|Any CPU.ActiveCfg = Debug|Any CPU
		{5EE05F81-C69D-4E94-99F1-A39DB27E0904}.Debug|Any CPU.Build.0 = Debug|Any CPU
		{5EE05F81-C69D-4E94-99F1-A39DB27E0904}.Release|Any CPU.ActiveCfg = Release|Any CPU
		{5EE05F81-C69D-4E94-99F1-A39DB27E0904}.Release|Any CPU.Build.0 = Release|Any CPU
	EndGlobalSection
	GlobalSection(SolutionProperties) = preSolution
		HideSolutionNode = FALSE
	EndGlobalSection
	GlobalSection(ExtensibilityGlobals) = postSolution
		SolutionGuid = {258F0457-5482-4066-9838-E5ECEDFF52C3}
	EndGlobalSection
EndGlobal
